// !$*UTF8*$!
{
	archiveVersion = 1;
	classes = {
	};
	objectVersion = 56;
	objects = {

/* Begin PBXBuildFile section */
		A10001 /* SSHTunnelManagerApp.swift in Sources */ = {isa = PBXBuildFile; fileRef = B10001; };
		A10002 /* Tunnel.swift in Sources */ = {isa = PBXBuildFile; fileRef = B10002; };
		A10003 /* ConfigStore.swift in Sources */ = {isa = PBXBuildFile; fileRef = B10003; };
		A10004 /* TunnelManager.swift in Sources */ = {isa = PBXBuildFile; fileRef = B10004; };
		A10005 /* StatusIndicator.swift in Sources */ = {isa = PBXBuildFile; fileRef = B10005; };
		A10006 /* MenuBarView.swift in Sources */ = {isa = PBXBuildFile; fileRef = B10006; };
		A10013 /* MenuBarWindowResizer.swift in Sources */ = {isa = PBXBuildFile; fileRef = B10013; };
		A10007 /* TunnelListView.swift in Sources */ = {isa = PBXBuildFile; fileRef = B10007; };
		A10008 /* TunnelDetailView.swift in Sources */ = {isa = PBXBuildFile; fileRef = B10008; };
		A10009 /* ContentView.swift in Sources */ = {isa = PBXBuildFile; fileRef = B10009; };
		A10010 /* Assets.xcassets in Resources */ = {isa = PBXBuildFile; fileRef = B10010; };
		A10012 /* Localizable.xcstrings in Resources */ = {isa = PBXBuildFile; fileRef = B10012; };
		A10020 /* AppPreferences.swift in Sources */ = {isa = PBXBuildFile; fileRef = B10020; };
		A10021 /* PreferencesDraft.swift in Sources */ = {isa = PBXBuildFile; fileRef = B10021; };
		A10022 /* AppPaths.swift in Sources */ = {isa = PBXBuildFile; fileRef = B10022; };
		A10023 /* PortAllocator.swift in Sources */ = {isa = PBXBuildFile; fileRef = B10023; };
		A10024 /* TunnelStateSnapshot.swift in Sources */ = {isa = PBXBuildFile; fileRef = B10024; };
		A10025 /* PreferencesWindowView.swift in Sources */ = {isa = PBXBuildFile; fileRef = B10025; };
		A10026 /* LineFramer.swift in Sources */ = {isa = PBXBuildFile; fileRef = B10026; };
		A10027 /* ControlProtocol.swift in Sources */ = {isa = PBXBuildFile; fileRef = B10027; };
		A10028 /* ControlSocketServer.swift in Sources */ = {isa = PBXBuildFile; fileRef = B10028; };
		A30001 /* SSHTunnelManagerTests.swift in Sources */ = {isa = PBXBuildFile; fileRef = B30001; };
/* End PBXBuildFile section */

/* Begin PBXContainerItemProxy section */
		I10001 /* PBXContainerItemProxy */ = {
			isa = PBXContainerItemProxy;
			containerPortal = H10001 /* Project object */;
			proxyType = 1;
			remoteGlobalIDString = F10001;
			remoteInfo = SSHTunnelManager;
		};
/* End PBXContainerItemProxy section */

/* Begin PBXFileReference section */
		B30001 /* SSHTunnelManagerTests.swift */ = {isa = PBXFileReference; lastKnownFileType = sourcecode.swift; path = SSHTunnelManagerTests.swift; sourceTree = "<group>"; };
		C30002 /* SSHTunnelManagerTests.xctest */ = {isa = PBXFileReference; explicitFileType = wrapper.cfbundle; includeInIndex = 0; path = SSHTunnelManagerTests.xctest; sourceTree = BUILT_PRODUCTS_DIR; };
		B10001 /* SSHTunnelManagerApp.swift */ = {isa = PBXFileReference; lastKnownFileType = sourcecode.swift; path = SSHTunnelManagerApp.swift; sourceTree = "<group>"; };
		B10002 /* Tunnel.swift */ = {isa = PBXFileReference; lastKnownFileType = sourcecode.swift; path = Tunnel.swift; sourceTree = "<group>"; };
		B10003 /* ConfigStore.swift */ = {isa = PBXFileReference; lastKnownFileType = sourcecode.swift; path = ConfigStore.swift; sourceTree = "<group>"; };
		B10004 /* TunnelManager.swift */ = {isa = PBXFileReference; lastKnownFileType = sourcecode.swift; path = TunnelManager.swift; sourceTree = "<group>"; };
		B10005 /* StatusIndicator.swift */ = {isa = PBXFileReference; lastKnownFileType = sourcecode.swift; path = StatusIndicator.swift; sourceTree = "<group>"; };
		B10006 /* MenuBarView.swift */ = {isa = PBXFileReference; lastKnownFileType = sourcecode.swift; path = MenuBarView.swift; sourceTree = "<group>"; };
		B10013 /* MenuBarWindowResizer.swift */ = {isa = PBXFileReference; lastKnownFileType = sourcecode.swift; path = MenuBarWindowResizer.swift; sourceTree = "<group>"; };
		B10007 /* TunnelListView.swift */ = {isa = PBXFileReference; lastKnownFileType = sourcecode.swift; path = TunnelListView.swift; sourceTree = "<group>"; };
		B10008 /* TunnelDetailView.swift */ = {isa = PBXFileReference; lastKnownFileType = sourcecode.swift; path = TunnelDetailView.swift; sourceTree = "<group>"; };
		B10009 /* ContentView.swift */ = {isa = PBXFileReference; lastKnownFileType = sourcecode.swift; path = ContentView.swift; sourceTree = "<group>"; };
		B10010 /* Assets.xcassets */ = {isa = PBXFileReference; lastKnownFileType = folder.assetcatalog; path = Assets.xcassets; sourceTree = "<group>"; };
		B10011 /* SSHTunnelManager.entitlements */ = {isa = PBXFileReference; lastKnownFileType = text.plist.entitlements; path = SSHTunnelManager.entitlements; sourceTree = "<group>"; };
		B10012 /* Localizable.xcstrings */ = {isa = PBXFileReference; lastKnownFileType = text.json.xcstrings; path = Localizable.xcstrings; sourceTree = "<group>"; };
		B10020 /* AppPreferences.swift */ = {isa = PBXFileReference; lastKnownFileType = sourcecode.swift; path = AppPreferences.swift; sourceTree = "<group>"; };
		B10021 /* PreferencesDraft.swift */ = {isa = PBXFileReference; lastKnownFileType = sourcecode.swift; path = PreferencesDraft.swift; sourceTree = "<group>"; };
		B10022 /* AppPaths.swift */ = {isa = PBXFileReference; lastKnownFileType = sourcecode.swift; path = AppPaths.swift; sourceTree = "<group>"; };
		B10023 /* PortAllocator.swift */ = {isa = PBXFileReference; lastKnownFileType = sourcecode.swift; path = PortAllocator.swift; sourceTree = "<group>"; };
		B10024 /* TunnelStateSnapshot.swift */ = {isa = PBXFileReference; lastKnownFileType = sourcecode.swift; path = TunnelStateSnapshot.swift; sourceTree = "<group>"; };
		B10025 /* PreferencesWindowView.swift */ = {isa = PBXFileReference; lastKnownFileType = sourcecode.swift; path = PreferencesWindowView.swift; sourceTree = "<group>"; };
		B10026 /* LineFramer.swift */ = {isa = PBXFileReference; lastKnownFileType = sourcecode.swift; path = LineFramer.swift; sourceTree = "<group>"; };
		B10027 /* ControlProtocol.swift */ = {isa = PBXFileReference; lastKnownFileType = sourcecode.swift; path = ControlProtocol.swift; sourceTree = "<group>"; };
		B10028 /* ControlSocketServer.swift */ = {isa = PBXFileReference; lastKnownFileType = sourcecode.swift; path = ControlSocketServer.swift; sourceTree = "<group>"; };
		C10001 /* SSHTunnelManager.app */ = {isa = PBXFileReference; explicitFileType = wrapper.application; includeInIndex = 0; path = SSHTunnelManager.app; sourceTree = BUILT_PRODUCTS_DIR; };
/* End PBXFileReference section */

/* Begin PBXFrameworksBuildPhase section */
		D10001 /* Frameworks */ = {
			isa = PBXFrameworksBuildPhase;
			buildActionMask = 2147483647;
			files = (
			);
			runOnlyForDeploymentPostprocessing = 0;
		};
		F10012 /* Frameworks */ = {
			isa = PBXFrameworksBuildPhase;
			buildActionMask = 2147483647;
			files = (
			);
			runOnlyForDeploymentPostprocessing = 0;
		};
/* End PBXFrameworksBuildPhase section */

/* Begin PBXGroup section */
		E10001 = {
			isa = PBXGroup;
			children = (
				E10002 /* SSHTunnelManager */,
				E10030 /* Tests */,
				E10003 /* Products */,
			);
			sourceTree = "<group>";
		};
		E10002 /* SSHTunnelManager */ = {
			isa = PBXGroup;
			children = (
				B10001 /* SSHTunnelManagerApp.swift */,
				E10004 /* Models */,
				E10005 /* Services */,
				E10006 /* Views */,
				E10009 /* Resources */,
				B10010 /* Assets.xcassets */,
				B10012 /* Localizable.xcstrings */,
				B10011 /* SSHTunnelManager.entitlements */,
			);
			path = SSHTunnelManager;
			sourceTree = "<group>";
		};
		E10003 /* Products */ = {
			isa = PBXGroup;
			children = (
				C10001 /* SSHTunnelManager.app */,
				C30002 /* SSHTunnelManagerTests.xctest */,
			);
			name = Products;
			sourceTree = "<group>";
		};
		E10030 /* Tests */ = {
			isa = PBXGroup;
			children = (
				B30001 /* SSHTunnelManagerTests.swift */,
			);
			path = Tests;
			sourceTree = "<group>";
		};
		E10004 /* Models */ = {
			isa = PBXGroup;
			children = (
				B10002 /* Tunnel.swift */,
				B10020 /* AppPreferences.swift */,
				B10021 /* PreferencesDraft.swift */,
			);
			path = Models;
			sourceTree = "<group>";
		};
		E10005 /* Services */ = {
			isa = PBXGroup;
			children = (
				B10003 /* ConfigStore.swift */,
				B10004 /* TunnelManager.swift */,
				B10022 /* AppPaths.swift */,
				B10023 /* PortAllocator.swift */,
				B10024 /* TunnelStateSnapshot.swift */,
				E10020 /* IPC */,
			);
			path = Services;
			sourceTree = "<group>";
		};
		E10020 /* IPC */ = {
			isa = PBXGroup;
			children = (
				B10026 /* LineFramer.swift */,
				B10027 /* ControlProtocol.swift */,
				B10028 /* ControlSocketServer.swift */,
			);
			path = IPC;
			sourceTree = "<group>";
		};
		E10006 /* Views */ = {
			isa = PBXGroup;
			children = (
				E10007 /* Components */,
				E10008 /* MenuBar */,
				E10010 /* MainWindow */,
				E10021 /* Preferences */,
			);
			path = Views;
			sourceTree = "<group>";
		};
		E10021 /* Preferences */ = {
			isa = PBXGroup;
			children = (
				B10025 /* PreferencesWindowView.swift */,
			);
			path = Preferences;
			sourceTree = "<group>";
		};
		E10007 /* Components */ = {
			isa = PBXGroup;
			children = (
				B10005 /* StatusIndicator.swift */,
			);
			path = Components;
			sourceTree = "<group>";
		};
		E10008 /* MenuBar */ = {
			isa = PBXGroup;
			children = (
				B10006 /* MenuBarView.swift */,
				B10013 /* MenuBarWindowResizer.swift */,
			);
			path = MenuBar;
			sourceTree = "<group>";
		};
		E10009 /* Resources */ = {
			isa = PBXGroup;
			children = (
			);
			path = Resources;
			sourceTree = "<group>";
		};
		E10010 /* MainWindow */ = {
			isa = PBXGroup;
			children = (
				B10009 /* ContentView.swift */,
				B10007 /* TunnelListView.swift */,
				B10008 /* TunnelDetailView.swift */,
			);
			path = MainWindow;
			sourceTree = "<group>";
		};
/* End PBXGroup section */

/* Begin PBXNativeTarget section */
		F10001 /* SSHTunnelManager */ = {
			isa = PBXNativeTarget;
			buildConfigurationList = G10003 /* Build configuration list for PBXNativeTarget "SSHTunnelManager" */;
			buildPhases = (
				F10002 /* Sources */,
				D10001 /* Frameworks */,
				F10003 /* Resources */,
			);
			buildRules = (
			);
			dependencies = (
			);
			name = SSHTunnelManager;
			productName = SSHTunnelManager;
			productReference = C10001 /* SSHTunnelManager.app */;
			productType = "com.apple.product-type.application";
		};
		F10010 /* SSHTunnelManagerTests */ = {
			isa = PBXNativeTarget;
			buildConfigurationList = G10010 /* Build configuration list for PBXNativeTarget "SSHTunnelManagerTests" */;
			buildPhases = (
				F10011 /* Sources */,
				F10012 /* Frameworks */,
				F10013 /* Resources */,
			);
			buildRules = (
			);
			dependencies = (
				I10002 /* PBXTargetDependency */,
			);
			name = SSHTunnelManagerTests;
			productName = SSHTunnelManagerTests;
			productReference = C30002 /* SSHTunnelManagerTests.xctest */;
			productType = "com.apple.product-type.bundle.unit-test";
		};
/* End PBXNativeTarget section */

/* Begin PBXProject section */
		H10001 /* Project object */ = {
			isa = PBXProject;
			attributes = {
				BuildIndependentTargetsInParallel = 1;
				LastSwiftUpdateCheck = 1500;
				LastUpgradeCheck = 1500;
				TargetAttributes = {
					F10001 = {
						CreatedOnToolsVersion = 15.0;
					};
				};
			};
			buildConfigurationList = G10001 /* Build configuration list for PBXProject "SSHTunnelManager" */;
			compatibilityVersion = "Xcode 14.0";
			developmentRegion = en;
			hasScannedForEncodings = 0;
			knownRegions = (
				en,
				Base,
			);
			mainGroup = E10001;
			productRefGroup = E10003 /* Products */;
			projectDirPath = "";
			projectRoot = "";
			targets = (
				F10001 /* SSHTunnelManager */,
				F10010 /* SSHTunnelManagerTests */,
			);
		};
/* End PBXProject section */

/* Begin PBXTargetDependency section */
		I10002 /* PBXTargetDependency */ = {
			isa = PBXTargetDependency;
			target = F10001 /* SSHTunnelManager */;
			targetProxy = I10001 /* PBXContainerItemProxy */;
		};
/* End PBXTargetDependency section */

/* Begin PBXResourcesBuildPhase section */
		F10003 /* Resources */ = {
			isa = PBXResourcesBuildPhase;
			buildActionMask = 2147483647;
			files = (
				A10010 /* Assets.xcassets in Resources */,
				A10012 /* Localizable.xcstrings in Resources */,
			);
			runOnlyForDeploymentPostprocessing = 0;
		};
		F10013 /* Resources */ = {
			isa = PBXResourcesBuildPhase;
			buildActionMask = 2147483647;
			files = (
			);
			runOnlyForDeploymentPostprocessing = 0;
		};
/* End PBXResourcesBuildPhase section */

/* Begin PBXSourcesBuildPhase section */
		F10011 /* Sources */ = {
			isa = PBXSourcesBuildPhase;
			buildActionMask = 2147483647;
			files = (
				A30001 /* SSHTunnelManagerTests.swift in Sources */,
			);
			runOnlyForDeploymentPostprocessing = 0;
		};
/* End PBXSourcesBuildPhase section */

/* Begin PBXSourcesBuildPhase section */
		F10002 /* Sources */ = {
			isa = PBXSourcesBuildPhase;
			buildActionMask = 2147483647;
			files = (
				A10001 /* SSHTunnelManagerApp.swift in Sources */,
				A10002 /* Tunnel.swift in Sources */,
				A10003 /* ConfigStore.swift in Sources */,
				A10004 /* TunnelManager.swift in Sources */,
				A10005 /* StatusIndicator.swift in Sources */,
				A10006 /* MenuBarView.swift in Sources */,
				A10013 /* MenuBarWindowResizer.swift in Sources */,
				A10007 /* TunnelListView.swift in Sources */,
				A10008 /* TunnelDetailView.swift in Sources */,
				A10009 /* ContentView.swift in Sources */,
				A10020 /* AppPreferences.swift in Sources */,
				A10021 /* PreferencesDraft.swift in Sources */,
				A10022 /* AppPaths.swift in Sources */,
				A10023 /* PortAllocator.swift in Sources */,
				A10024 /* TunnelStateSnapshot.swift in Sources */,
				A10025 /* PreferencesWindowView.swift in Sources */,
				A10026 /* LineFramer.swift in Sources */,
				A10027 /* ControlProtocol.swift in Sources */,
				A10028 /* ControlSocketServer.swift in Sources */,
			);
			runOnlyForDeploymentPostprocessing = 0;
		};
/* End PBXSourcesBuildPhase section */

/* Begin XCBuildConfiguration section */
		G10002 /* Debug */ = {
			isa = XCBuildConfiguration;
			buildSettings = {
				ALWAYS_SEARCH_USER_PATHS = NO;
				ASSETCATALOG_COMPILER_GENERATE_SWIFT_ASSET_SYMBOL_EXTENSIONS = YES;
				CLANG_ANALYZER_NONNULL = YES;
				CLANG_ANALYZER_NUMBER_OBJECT_CONVERSION = YES_AGGRESSIVE;
				CLANG_CXX_LANGUAGE_STANDARD = "gnu++20";
				CLANG_ENABLE_MODULES = YES;
				CLANG_ENABLE_OBJC_ARC = YES;
				CLANG_ENABLE_OBJC_WEAK = YES;
				CLANG_WARN_BLOCK_CAPTURE_AUTORELEASING = YES;
				CLANG_WARN_BOOL_CONVERSION = YES;
				CLANG_WARN_COMMA = YES;
				CLANG_WARN_CONSTANT_CONVERSION = YES;
				CLANG_WARN_DEPRECATED_OBJC_IMPLEMENTATIONS = YES;
				CLANG_WARN_DIRECT_OBJC_ISA_USAGE = YES_ERROR;
				CLANG_WARN_DOCUMENTATION_COMMENTS = YES;
				CLANG_WARN_EMPTY_BODY = YES;
				CLANG_WARN_ENUM_CONVERSION = YES;
				CLANG_WARN_INFINITE_RECURSION = YES;
				CLANG_WARN_INT_CONVERSION = YES;
				CLANG_WARN_NON_LITERAL_NULL_CONVERSION = YES;
				CLANG_WARN_OBJC_IMPLICIT_RETAIN_SELF = YES;
				CLANG_WARN_OBJC_LITERAL_CONVERSION = YES;
				CLANG_WARN_OBJC_ROOT_CLASS = YES_ERROR;
				CLANG_WARN_QUOTED_INCLUDE_IN_FRAMEWORK_HEADER = YES;
				CLANG_WARN_RANGE_LOOP_ANALYSIS = YES;
				CLANG_WARN_STRICT_PROTOTYPES = YES;
				CLANG_WARN_SUSPICIOUS_MOVE = YES;
				CLANG_WARN_UNGUARDED_AVAILABILITY = YES_AGGRESSIVE;
				CLANG_WARN_UNREACHABLE_CODE = YES;
				CLANG_WARN__DUPLICATE_METHOD_MATCH = YES;
				COPY_PHASE_STRIP = NO;
				DEBUG_INFORMATION_FORMAT = dwarf;
				ENABLE_STRICT_OBJC_MSGSEND = YES;
				ENABLE_TESTABILITY = YES;
				ENABLE_USER_SCRIPT_SANDBOXING = YES;
				GCC_C_LANGUAGE_STANDARD = gnu17;
				GCC_DYNAMIC_NO_PIC = NO;
				GCC_NO_COMMON_BLOCKS = YES;
				GCC_OPTIMIZATION_LEVEL = 0;
				GCC_PREPROCESSOR_DEFINITIONS = (
					"DEBUG=1",
					"$(inherited)",
				);
				GCC_WARN_64_TO_32_BIT_CONVERSION = YES;
				GCC_WARN_ABOUT_RETURN_TYPE = YES_ERROR;
				GCC_WARN_UNDECLARED_SELECTOR = YES;
				GCC_WARN_UNINITIALIZED_AUTOS = YES_AGGRESSIVE;
				GCC_WARN_UNUSED_FUNCTION = YES;
				GCC_WARN_UNUSED_VARIABLE = YES;
				MACOSX_DEPLOYMENT_TARGET = 14.0;
				MTL_ENABLE_DEBUG_INFO = INCLUDE_SOURCE;
				MTL_FAST_MATH = YES;
				ONLY_ACTIVE_ARCH = YES;
				SDKROOT = macosx;
				SWIFT_ACTIVE_COMPILATION_CONDITIONS = "DEBUG $(inherited)";
				SWIFT_OPTIMIZATION_LEVEL = "-Onone";
			};
			name = Debug;
		};
		G10004 /* Release */ = {
			isa = XCBuildConfiguration;
			buildSettings = {
				ALWAYS_SEARCH_USER_PATHS = NO;
				ASSETCATALOG_COMPILER_GENERATE_SWIFT_ASSET_SYMBOL_EXTENSIONS = YES;
				CLANG_ANALYZER_NONNULL = YES;
				CLANG_ANALYZER_NUMBER_OBJECT_CONVERSION = YES_AGGRESSIVE;
				CLANG_CXX_LANGUAGE_STANDARD = "gnu++20";
				CLANG_ENABLE_MODULES = YES;
				CLANG_ENABLE_OBJC_ARC = YES;
				CLANG_ENABLE_OBJC_WEAK = YES;
				CLANG_WARN_BLOCK_CAPTURE_AUTORELEASING = YES;
				CLANG_WARN_BOOL_CONVERSION = YES;
				CLANG_WARN_COMMA = YES;
				CLANG_WARN_CONSTANT_CONVERSION = YES;
				CLANG_WARN_DEPRECATED_OBJC_IMPLEMENTATIONS = YES;
				CLANG_WARN_DIRECT_OBJC_ISA_USAGE = YES_ERROR;
				CLANG_WARN_DOCUMENTATION_COMMENTS = YES;
				CLANG_WARN_EMPTY_BODY = YES;
				CLANG_WARN_ENUM_CONVERSION = YES;
				CLANG_WARN_INFINITE_RECURSION = YES;
				CLANG_WARN_INT_CONVERSION = YES;
				CLANG_WARN_NON_LITERAL_NULL_CONVERSION = YES;
				CLANG_WARN_OBJC_IMPLICIT_RETAIN_SELF = YES;
				CLANG_WARN_OBJC_LITERAL_CONVERSION = YES;
				CLANG_WARN_OBJC_ROOT_CLASS = YES_ERROR;
				CLANG_WARN_QUOTED_INCLUDE_IN_FRAMEWORK_HEADER = YES;
				CLANG_WARN_RANGE_LOOP_ANALYSIS = YES;
				CLANG_WARN_STRICT_PROTOTYPES = YES;
				CLANG_WARN_SUSPICIOUS_MOVE = YES;
				CLANG_WARN_UNGUARDED_AVAILABILITY = YES_AGGRESSIVE;
				CLANG_WARN_UNREACHABLE_CODE = YES;
				CLANG_WARN__DUPLICATE_METHOD_MATCH = YES;
				COPY_PHASE_STRIP = NO;
				DEBUG_INFORMATION_FORMAT = "dwarf-with-dsym";
				ENABLE_NS_ASSERTIONS = NO;
				ENABLE_STRICT_OBJC_MSGSEND = YES;
				ENABLE_USER_SCRIPT_SANDBOXING = YES;
				GCC_C_LANGUAGE_STANDARD = gnu17;
				GCC_NO_COMMON_BLOCKS = YES;
				GCC_WARN_64_TO_32_BIT_CONVERSION = YES;
				GCC_WARN_ABOUT_RETURN_TYPE = YES_ERROR;
				GCC_WARN_UNDECLARED_SELECTOR = YES;
				GCC_WARN_UNINITIALIZED_AUTOS = YES_AGGRESSIVE;
				GCC_WARN_UNUSED_FUNCTION = YES;
				GCC_WARN_UNUSED_VARIABLE = YES;
				MACOSX_DEPLOYMENT_TARGET = 14.0;
				MTL_ENABLE_DEBUG_INFO = NO;
				MTL_FAST_MATH = YES;
				SDKROOT = macosx;
				SWIFT_COMPILATION_MODE = wholemodule;
			};
			name = Release;
		};
		G10005 /* Debug */ = {
			isa = XCBuildConfiguration;
			buildSettings = {
				ASSETCATALOG_COMPILER_APPICON_NAME = AppIcon;
				ASSETCATALOG_COMPILER_GLOBAL_ACCENT_COLOR_NAME = AccentColor;
				CODE_SIGN_ENTITLEMENTS = SSHTunnelManager/SSHTunnelManager.entitlements;
				CODE_SIGN_STYLE = Automatic;
				COMBINE_HIDPI_IMAGES = YES;
				CURRENT_PROJECT_VERSION = 1;
				DEVELOPMENT_ASSET_PATHS = "";
				ENABLE_HARDENED_RUNTIME = YES;
				ENABLE_PREVIEWS = YES;
				GENERATE_INFOPLIST_FILE = YES;
				INFOPLIST_KEY_LSUIElement = YES;
				INFOPLIST_KEY_NSHumanReadableCopyright = "";
				LD_RUNPATH_SEARCH_PATHS = (
					"$(inherited)",
					"@executable_path/../Frameworks",
				);
				MARKETING_VERSION = 1.0;
				PRODUCT_BUNDLE_IDENTIFIER = io.github.0fuz.SSHTunnelManager;
				PRODUCT_NAME = "$(TARGET_NAME)";
				SWIFT_EMIT_LOC_STRINGS = YES;
				SWIFT_STRICT_CONCURRENCY = complete;
				SWIFT_VERSION = 5.0;
			};
			name = Debug;
		};
		G10006 /* Release */ = {
			isa = XCBuildConfiguration;
			buildSettings = {
				ASSETCATALOG_COMPILER_APPICON_NAME = AppIcon;
				ASSETCATALOG_COMPILER_GLOBAL_ACCENT_COLOR_NAME = AccentColor;
				CODE_SIGN_ENTITLEMENTS = SSHTunnelManager/SSHTunnelManager.entitlements;
				CODE_SIGN_STYLE = Automatic;
				COMBINE_HIDPI_IMAGES = YES;
				CURRENT_PROJECT_VERSION = 1;
				DEVELOPMENT_ASSET_PATHS = "";
				ENABLE_HARDENED_RUNTIME = YES;
				ENABLE_PREVIEWS = YES;
				GENERATE_INFOPLIST_FILE = YES;
				INFOPLIST_KEY_LSUIElement = YES;
				INFOPLIST_KEY_NSHumanReadableCopyright = "";
				LD_RUNPATH_SEARCH_PATHS = (
					"$(inherited)",
					"@executable_path/../Frameworks",
				);
				MARKETING_VERSION = 1.0;
				PRODUCT_BUNDLE_IDENTIFIER = io.github.0fuz.SSHTunnelManager;
				PRODUCT_NAME = "$(TARGET_NAME)";
				SWIFT_EMIT_LOC_STRINGS = YES;
				SWIFT_STRICT_CONCURRENCY = complete;
				SWIFT_VERSION = 5.0;
			};
			name = Release;
		};
		G10008 /* Debug */ = {
			isa = XCBuildConfiguration;
			buildSettings = {
				BUNDLE_LOADER = "$(TEST_HOST)";
				CODE_SIGN_STYLE = Automatic;
				CURRENT_PROJECT_VERSION = 1;
				DEVELOPMENT_ASSET_PATHS = "";
				GENERATE_INFOPLIST_FILE = YES;
				LD_RUNPATH_SEARCH_PATHS = (
					"$(inherited)",
					"@executable_path/../Frameworks",
					"@loader_path/../Frameworks",
				);
				MACOSX_DEPLOYMENT_TARGET = 14.0;
				MARKETING_VERSION = 1.0;
				PRODUCT_BUNDLE_IDENTIFIER = io.github.0fuz.SSHTunnelManagerTests;
				PRODUCT_NAME = "$(TARGET_NAME)";
				SWIFT_EMIT_LOC_STRINGS = NO;
				SWIFT_VERSION = 5.0;
				TEST_HOST = "$(BUILT_PRODUCTS_DIR)/SSHTunnelManager.app/Contents/MacOS/SSHTunnelManager";
			};
			name = Debug;
		};
		G10009 /* Release */ = {
			isa = XCBuildConfiguration;
			buildSettings = {
				BUNDLE_LOADER = "$(TEST_HOST)";
				CODE_SIGN_STYLE = Automatic;
				CURRENT_PROJECT_VERSION = 1;
				DEVELOPMENT_ASSET_PATHS = "";
				GENERATE_INFOPLIST_FILE = YES;
				LD_RUNPATH_SEARCH_PATHS = (
					"$(inherited)",
					"@executable_path/../Frameworks",
					"@loader_path/../Frameworks",
				);
				MACOSX_DEPLOYMENT_TARGET = 14.0;
				MARKETING_VERSION = 1.0;
				PRODUCT_BUNDLE_IDENTIFIER = io.github.0fuz.SSHTunnelManagerTests;
				PRODUCT_NAME = "$(TARGET_NAME)";
				SWIFT_EMIT_LOC_STRINGS = NO;
				SWIFT_VERSION = 5.0;
				TEST_HOST = "$(BUILT_PRODUCTS_DIR)/SSHTunnelManager.app/Contents/MacOS/SSHTunnelManager";
			};
			name = Release;
		};
/* End XCBuildConfiguration section */

/* Begin XCConfigurationList section */
		G10001 /* Build configuration list for PBXProject "SSHTunnelManager" */ = {
			isa = XCConfigurationList;
			buildConfigurations = (
				G10002 /* Debug */,
				G10004 /* Release */,
			);
			defaultConfigurationIsVisible = 0;
			defaultConfigurationName = Release;
		};
		G10003 /* Build configuration list for PBXNativeTarget "SSHTunnelManager" */ = {
			isa = XCConfigurationList;
			buildConfigurations = (
				G10005 /* Debug */,
				G10006 /* Release */,
			);
			defaultConfigurationIsVisible = 0;
			defaultConfigurationName = Release;
		};
		G10010 /* Build configuration list for PBXNativeTarget "SSHTunnelManagerTests" */ = {
			isa = XCConfigurationList;
			buildConfigurations = (
				G10008 /* Debug */,
				G10009 /* Release */,
			);
			defaultConfigurationIsVisible = 0;
			defaultConfigurationName = Release;
		};
/* End XCConfigurationList section */

	};
	rootObject = H10001 /* Project object */;
}
